
Microsoft Visual Studio Solution File, Format Version 12.00
# Visual Studio Version 16
VisualStudioVersion = 16.0.30114.105
MinimumVisualStudioVersion = 10.0.40219.1
Project("{FAE04EC0-301F-11D3-BF4B-00C04F79EFBC}") = "TP4_PROYECTO", "TP4_PROYECTO.csproj", "{E1789315-D57D-4D59-AA8B-779271726105}"
EndProject
Global
	GlobalSection(SolutionConfigurationPlatforms) = preSolution
		Debug|Any CPU = Debug|Any CPU
		Release|Any CPU = Release|Any CPU
	EndGlobalSection
	GlobalSection(ProjectConfigurationPlatforms) = postSolution
		{E1789315-D57D-4D59-AA8B-779271726105}.Debug|Any CPU.ActiveCfg = Debug|Any CPU
		{E1789315-D57D-4D59-AA8B-779271726105}.Debug|Any CPU.Build.0 = Debug|Any CPU
		{E1789315-D57D-4D59-AA8B-779271726105}.Release|Any CPU.ActiveCfg = Release|Any CPU
		{E1789315-D57D-4D59-AA8B-779271726105}.Release|Any CPU.Build.0 = Release|Any CPU
	EndGlobalSection
	GlobalSection(SolutionProperties) = preSolution
		HideSolutionNode = FALSE
	EndGlobalSection
	GlobalSection(ExtensibilityGlobals) = postSolution
		SolutionGuid = {F993B39D-97D4-4F9E-A5AE-AA44AD020894}
	EndGlobalSection
EndGlobal
